
Microsoft Visual Studio Solution File, Format Version 12.00
# Visual Studio 14
VisualStudioVersion = 14.0.25420.1
MinimumVisualStudioVersion = 10.0.40219.1
Project("{FAE04EC0-301F-11D3-BF4B-00C04F79EFBC}") = "ArmRateParser", "ArmRateParser\ArmRateParser.csproj", "{D19D922B-FA92-43A3-999C-6CA807DCC974}"
EndProject
Project("{FAE04EC0-301F-11D3-BF4B-00C04F79EFBC}") = "ArmRateParser.TestHarness", "ArmRateParser.TestHarness\ArmRateParser.TestHarness.csproj", "{E02AFC6B-D03D-40E2-BAAC-1609939D3C3C}"
EndProject
Global
	GlobalSection(SolutionConfigurationPlatforms) = preSolution
		Debug|Any CPU = Debug|Any CPU
		Release|Any CPU = Release|Any CPU
	EndGlobalSection
	GlobalSection(ProjectConfigurationPlatforms) = postSolution
		{D19D922B-FA92-43A3-999C-6CA807DCC974}.Debug|Any CPU.ActiveCfg = Debug|Any CPU
		{D19D922B-FA92-43A3-999C-6CA807DCC974}.Debug|Any CPU.Build.0 = Debug|Any CPU
		{D19D922B-FA92-43A3-999C-6CA807DCC974}.Release|Any CPU.ActiveCfg = Release|Any CPU
		{D19D922B-FA92-43A3-999C-6CA807DCC974}.Release|Any CPU.Build.0 = Release|Any CPU
		{E02AFC6B-D03D-40E2-BAAC-1609939D3C3C}.Debug|Any CPU.ActiveCfg = Debug|Any CPU
		{E02AFC6B-D03D-40E2-BAAC-1609939D3C3C}.Debug|Any CPU.Build.0 = Debug|Any CPU
		{E02AFC6B-D03D-40E2-BAAC-1609939D3C3C}.Release|Any CPU.ActiveCfg = Release|Any CPU
		{E02AFC6B-D03D-40E2-BAAC-1609939D3C3C}.Release|Any CPU.Build.0 = Release|Any CPU
	EndGlobalSection
	GlobalSection(SolutionProperties) = preSolution
		HideSolutionNode = FALSE
	EndGlobalSection
EndGlobal
